
Microsoft Visual Studio Solution File, Format Version 12.00
# Visual Studio 15
VisualStudioVersion = 15.0.28307.106
MinimumVisualStudioVersion = 10.0.40219.1
Project("{9A19103F-16F7-4668-BE54-9A1E7A4F7556}") = "DetourServerBase", "DetourServer\DetourServerBase.csproj", "{48497E8A-1AE6-4BBD-B8BF-11A1930C24EC}"
EndProject
Project("{9A19103F-16F7-4668-BE54-9A1E7A4F7556}") = "DetourServerExampleStandalone", "DetourServerExampleStandalone\DetourServerExampleStandalone.csproj", "{DABD9AAD-15E8-4E67-97D6-6D585D2857B7}"
EndProject
Project("{9A19103F-16F7-4668-BE54-9A1E7A4F7556}") = "DetourServer.Tests", "DetourServer.Tests\DetourServer.Tests.csproj", "{B153DA53-5A66-463A-8B66-8DFE0593024A}"
EndProject
Project("{9A19103F-16F7-4668-BE54-9A1E7A4F7556}") = "DetourServerExampleAsp", "DetourServerExampleAsp\DetourServerExampleAsp.csproj", "{1AE33D1C-AA26-496B-99AD-E07FB07B6C68}"
EndProject
Project("{9A19103F-16F7-4668-BE54-9A1E7A4F7556}") = "DetourServer.Asp", "DetourServer.Asp\DetourServer.Asp.csproj", "{4CF078FB-4DA8-4E72-A975-C46A35A32ACC}"
EndProject
Project("{FAE04EC0-301F-11D3-BF4B-00C04F79EFBC}") = "DetourServer.Standalone", "DetourServer.Standalone\DetourServer.Standalone.csproj", "{D37DF759-08D0-4156-9DB1-D3DEF30A18EA}"
EndProject
Global
	GlobalSection(SolutionConfigurationPlatforms) = preSolution
		Debug|Any CPU = Debug|Any CPU
		Release|Any CPU = Release|Any CPU
	EndGlobalSection
	GlobalSection(ProjectConfigurationPlatforms) = postSolution
		{48497E8A-1AE6-4BBD-B8BF-11A1930C24EC}.Debug|Any CPU.ActiveCfg = Debug|Any CPU
		{48497E8A-1AE6-4BBD-B8BF-11A1930C24EC}.Debug|Any CPU.Build.0 = Debug|Any CPU
		{48497E8A-1AE6-4BBD-B8BF-11A1930C24EC}.Release|Any CPU.ActiveCfg = Release|Any CPU
		{48497E8A-1AE6-4BBD-B8BF-11A1930C24EC}.Release|Any CPU.Build.0 = Release|Any CPU
		{DABD9AAD-15E8-4E67-97D6-6D585D2857B7}.Debug|Any CPU.ActiveCfg = Debug|Any CPU
		{DABD9AAD-15E8-4E67-97D6-6D585D2857B7}.Debug|Any CPU.Build.0 = Debug|Any CPU
		{DABD9AAD-15E8-4E67-97D6-6D585D2857B7}.Release|Any CPU.ActiveCfg = Release|Any CPU
		{DABD9AAD-15E8-4E67-97D6-6D585D2857B7}.Release|Any CPU.Build.0 = Release|Any CPU
		{B153DA53-5A66-463A-8B66-8DFE0593024A}.Debug|Any CPU.ActiveCfg = Debug|Any CPU
		{B153DA53-5A66-463A-8B66-8DFE0593024A}.Debug|Any CPU.Build.0 = Debug|Any CPU
		{B153DA53-5A66-463A-8B66-8DFE0593024A}.Release|Any CPU.ActiveCfg = Release|Any CPU
		{B153DA53-5A66-463A-8B66-8DFE0593024A}.Release|Any CPU.Build.0 = Release|Any CPU
		{1AE33D1C-AA26-496B-99AD-E07FB07B6C68}.Debug|Any CPU.ActiveCfg = Debug|Any CPU
		{1AE33D1C-AA26-496B-99AD-E07FB07B6C68}.Debug|Any CPU.Build.0 = Debug|Any CPU
		{1AE33D1C-AA26-496B-99AD-E07FB07B6C68}.Release|Any CPU.ActiveCfg = Release|Any CPU
		{1AE33D1C-AA26-496B-99AD-E07FB07B6C68}.Release|Any CPU.Build.0 = Release|Any CPU
		{4CF078FB-4DA8-4E72-A975-C46A35A32ACC}.Debug|Any CPU.ActiveCfg = Debug|Any CPU
		{4CF078FB-4DA8-4E72-A975-C46A35A32ACC}.Debug|Any CPU.Build.0 = Debug|Any CPU
		{4CF078FB-4DA8-4E72-A975-C46A35A32ACC}.Release|Any CPU.ActiveCfg = Release|Any CPU
		{4CF078FB-4DA8-4E72-A975-C46A35A32ACC}.Release|Any CPU.Build.0 = Release|Any CPU
		{D37DF759-08D0-4156-9DB1-D3DEF30A18EA}.Debug|Any CPU.ActiveCfg = Debug|Any CPU
		{D37DF759-08D0-4156-9DB1-D3DEF30A18EA}.Debug|Any CPU.Build.0 = Debug|Any CPU
		{D37DF759-08D0-4156-9DB1-D3DEF30A18EA}.Release|Any CPU.ActiveCfg = Release|Any CPU
		{D37DF759-08D0-4156-9DB1-D3DEF30A18EA}.Release|Any CPU.Build.0 = Release|Any CPU
	EndGlobalSection
	GlobalSection(SolutionProperties) = preSolution
		HideSolutionNode = FALSE
	EndGlobalSection
	GlobalSection(ExtensibilityGlobals) = postSolution
		SolutionGuid = {CE12DDFD-F158-4100-A863-33D6938DC601}
	EndGlobalSection
EndGlobal
